
Microsoft Visual Studio Solution File, Format Version 12.00
# Visual Studio Version 16
VisualStudioVersion = 16.0.30225.117
MinimumVisualStudioVersion = 10.0.40219.1
Project("{FAE04EC0-301F-11D3-BF4B-00C04F79EFBC}") = "Store", "Store\Store.csproj", "{E5DA66AB-C728-48C6-82D2-FA0CCB4E4161}"
EndProject
Global
	GlobalSection(SolutionConfigurationPlatforms) = preSolution
		Debug|Any CPU = Debug|Any CPU
		Release|Any CPU = Release|Any CPU
	EndGlobalSection
	GlobalSection(ProjectConfigurationPlatforms) = postSolution
		{E5DA66AB-C728-48C6-82D2-FA0CCB4E4161}.Debug|Any CPU.ActiveCfg = Debug|Any CPU
		{E5DA66AB-C728-48C6-82D2-FA0CCB4E4161}.Debug|Any CPU.Build.0 = Debug|Any CPU
		{E5DA66AB-C728-48C6-82D2-FA0CCB4E4161}.Release|Any CPU.ActiveCfg = Release|Any CPU
		{E5DA66AB-C728-48C6-82D2-FA0CCB4E4161}.Release|Any CPU.Build.0 = Release|Any CPU
	EndGlobalSection
	GlobalSection(SolutionProperties) = preSolution
		HideSolutionNode = FALSE
	EndGlobalSection
	GlobalSection(ExtensibilityGlobals) = postSolution
		SolutionGuid = {BFECCEDA-D2B2-4A38-A0F9-8E82325DA68D}
	EndGlobalSection
EndGlobal
